// !$*UTF8*$!
{
	archiveVersion = 1;
	classes = {
	};
	objectVersion = 56;
	objects = {

/* Begin PBXBuildFile section */
		849A6AA12C6CF0CE00277B9D /* VC.swift in Sources */ = {isa = PBXBuildFile; fileRef = 849A6AA02C6CF0CE00277B9D /* VC.swift */; };
		84B3E7072C68672E00D54EBF /* AppDelegate.swift in Sources */ = {isa = PBXBuildFile; fileRef = 84B3E7062C68672E00D54EBF /* AppDelegate.swift */; };
		84B3E7092C68672E00D54EBF /* SceneDelegate.swift in Sources */ = {isa = PBXBuildFile; fileRef = 84B3E7082C68672E00D54EBF /* SceneDelegate.swift */; };
		84B3E70B2C68672E00D54EBF /* ViewController.swift in Sources */ = {isa = PBXBuildFile; fileRef = 84B3E70A2C68672E00D54EBF /* ViewController.swift */; };
		84B3E70E2C68672E00D54EBF /* Base in Resources */ = {isa = PBXBuildFile; fileRef = 84B3E70D2C68672E00D54EBF /* Base */; };
		84B3E7102C68673000D54EBF /* Assets.xcassets in Resources */ = {isa = PBXBuildFile; fileRef = 84B3E70F2C68673000D54EBF /* Assets.xcassets */; };
		84B3E7132C68673000D54EBF /* Base in Resources */ = {isa = PBXBuildFile; fileRef = 84B3E7122C68673000D54EBF /* Base */; };
		84B3E7392C686D8B00D54EBF /* VCDoDai.swift in Sources */ = {isa = PBXBuildFile; fileRef = 84B3E7382C686D8B00D54EBF /* VCDoDai.swift */; };
		84B3E73B2C686DA400D54EBF /* VCKhoiLuong.swift in Sources */ = {isa = PBXBuildFile; fileRef = 84B3E73A2C686DA400D54EBF /* VCKhoiLuong.swift */; };
/* End PBXBuildFile section */

/* Begin PBXContainerItemProxy section */
		84B3E71A2C68673100D54EBF /* PBXContainerItemProxy */ = {
			isa = PBXContainerItemProxy;
			containerPortal = 84B3E6FB2C68672E00D54EBF /* Project object */;
			proxyType = 1;
			remoteGlobalIDString = 84B3E7022C68672E00D54EBF;
			remoteInfo = "Chuyển đổi đơn vij";
		};
		84B3E7242C68673100D54EBF /* PBXContainerItemProxy */ = {
			isa = PBXContainerItemProxy;
			containerPortal = 84B3E6FB2C68672E00D54EBF /* Project object */;
			proxyType = 1;
			remoteGlobalIDString = 84B3E7022C68672E00D54EBF;
			remoteInfo = "Chuyển đổi đơn vij";
		};
/* End PBXContainerItemProxy section */

/* Begin PBXFileReference section */
		849A6AA02C6CF0CE00277B9D /* VC.swift */ = {isa = PBXFileReference; lastKnownFileType = sourcecode.swift; path = VC.swift; sourceTree = "<group>"; };
		84B3E7032C68672E00D54EBF /* Chuyển đổi đơn vij.app */ = {isa = PBXFileReference; explicitFileType = wrapper.application; includeInIndex = 0; path = "Chuyển đổi đơn vij.app"; sourceTree = BUILT_PRODUCTS_DIR; };
		84B3E7062C68672E00D54EBF /* AppDelegate.swift */ = {isa = PBXFileReference; lastKnownFileType = sourcecode.swift; path = AppDelegate.swift; sourceTree = "<group>"; };
		84B3E7082C68672E00D54EBF /* SceneDelegate.swift */ = {isa = PBXFileReference; lastKnownFileType = sourcecode.swift; path = SceneDelegate.swift; sourceTree = "<group>"; };
		84B3E70A2C68672E00D54EBF /* ViewController.swift */ = {isa = PBXFileReference; lastKnownFileType = sourcecode.swift; path = ViewController.swift; sourceTree = "<group>"; };
		84B3E70D2C68672E00D54EBF /* Base */ = {isa = PBXFileReference; lastKnownFileType = file.storyboard; name = Base; path = Base.lproj/Main.storyboard; sourceTree = "<group>"; };
		84B3E70F2C68673000D54EBF /* Assets.xcassets */ = {isa = PBXFileReference; lastKnownFileType = folder.assetcatalog; path = Assets.xcassets; sourceTree = "<group>"; };
		84B3E7122C68673000D54EBF /* Base */ = {isa = PBXFileReference; lastKnownFileType = file.storyboard; name = Base; path = Base.lproj/LaunchScreen.storyboard; sourceTree = "<group>"; };
		84B3E7142C68673000D54EBF /* Info.plist */ = {isa = PBXFileReference; lastKnownFileType = text.plist.xml; path = Info.plist; sourceTree = "<group>"; };
		84B3E7192C68673100D54EBF /* Chuyển đổi đơn vijTests.xctest */ = {isa = PBXFileReference; explicitFileType = wrapper.cfbundle; includeInIndex = 0; path = "Chuyển đổi đơn vijTests.xctest"; sourceTree = BUILT_PRODUCTS_DIR; };
		84B3E7232C68673100D54EBF /* Chuyển đổi đơn vijUITests.xctest */ = {isa = PBXFileReference; explicitFileType = wrapper.cfbundle; includeInIndex = 0; path = "Chuyển đổi đơn vijUITests.xctest"; sourceTree = BUILT_PRODUCTS_DIR; };
		84B3E7382C686D8B00D54EBF /* VCDoDai.swift */ = {isa = PBXFileReference; lastKnownFileType = sourcecode.swift; path = VCDoDai.swift; sourceTree = "<group>"; };
		84B3E73A2C686DA400D54EBF /* VCKhoiLuong.swift */ = {isa = PBXFileReference; lastKnownFileType = sourcecode.swift; path = VCKhoiLuong.swift; sourceTree = "<group>"; };
/* End PBXFileReference section */

/* Begin PBXFrameworksBuildPhase section */
		84B3E7002C68672E00D54EBF /* Frameworks */ = {
			isa = PBXFrameworksBuildPhase;
			buildActionMask = 2147483647;
			files = (
			);
			runOnlyForDeploymentPostprocessing = 0;
		};
		84B3E7162C68673100D54EBF /* Frameworks */ = {
			isa = PBXFrameworksBuildPhase;
			buildActionMask = 2147483647;
			files = (
			);
			runOnlyForDeploymentPostprocessing = 0;
		};
		84B3E7202C68673100D54EBF /* Frameworks */ = {
			isa = PBXFrameworksBuildPhase;
			buildActionMask = 2147483647;
			files = (
			);
			runOnlyForDeploymentPostprocessing = 0;
		};
/* End PBXFrameworksBuildPhase section */

/* Begin PBXGroup section */
		84B3E6FA2C68672E00D54EBF = {
			isa = PBXGroup;
			children = (
				84B3E7052C68672E00D54EBF /* Chuyển đổi đơn vij */,
				84B3E7042C68672E00D54EBF /* Products */,
			);
			sourceTree = "<group>";
		};
		84B3E7042C68672E00D54EBF /* Products */ = {
			isa = PBXGroup;
			children = (
				84B3E7032C68672E00D54EBF /* Chuyển đổi đơn vij.app */,
				84B3E7192C68673100D54EBF /* Chuyển đổi đơn vijTests.xctest */,
				84B3E7232C68673100D54EBF /* Chuyển đổi đơn vijUITests.xctest */,
			);
			name = Products;
			sourceTree = "<group>";
		};
		84B3E7052C68672E00D54EBF /* Chuyển đổi đơn vij */ = {
			isa = PBXGroup;
			children = (
				84B3E7062C68672E00D54EBF /* AppDelegate.swift */,
				84B3E7082C68672E00D54EBF /* SceneDelegate.swift */,
				84B3E70A2C68672E00D54EBF /* ViewController.swift */,
				849A6AA02C6CF0CE00277B9D /* VC.swift */,
				84B3E70C2C68672E00D54EBF /* Main.storyboard */,
				84B3E7382C686D8B00D54EBF /* VCDoDai.swift */,
				84B3E73A2C686DA400D54EBF /* VCKhoiLuong.swift */,
				84B3E70F2C68673000D54EBF /* Assets.xcassets */,
				84B3E7112C68673000D54EBF /* LaunchScreen.storyboard */,
				84B3E7142C68673000D54EBF /* Info.plist */,
			);
			path = "Chuyển đổi đơn vij";
			sourceTree = "<group>";
		};
/* End PBXGroup section */

/* Begin PBXNativeTarget section */
		84B3E7022C68672E00D54EBF /* Chuyển đổi đơn vij */ = {
			isa = PBXNativeTarget;
			buildConfigurationList = 84B3E72D2C68673100D54EBF /* Build configuration list for PBXNativeTarget "Chuyển đổi đơn vij" */;
			buildPhases = (
				84B3E6FF2C68672E00D54EBF /* Sources */,
				84B3E7002C68672E00D54EBF /* Frameworks */,
				84B3E7012C68672E00D54EBF /* Resources */,
			);
			buildRules = (
			);
			dependencies = (
			);
			name = "Chuyển đổi đơn vij";
			productName = "Chuyển đổi đơn vij";
			productReference = 84B3E7032C68672E00D54EBF /* Chuyển đổi đơn vij.app */;
			productType = "com.apple.product-type.application";
		};
		84B3E7182C68673100D54EBF /* Chuyển đổi đơn vijTests */ = {
			isa = PBXNativeTarget;
			buildConfigurationList = 84B3E7302C68673100D54EBF /* Build configuration list for PBXNativeTarget "Chuyển đổi đơn vijTests" */;
			buildPhases = (
				84B3E7152C68673100D54EBF /* Sources */,
				84B3E7162C68673100D54EBF /* Frameworks */,
				84B3E7172C68673100D54EBF /* Resources */,
			);
			buildRules = (
			);
			dependencies = (
				84B3E71B2C68673100D54EBF /* PBXTargetDependency */,
			);
			name = "Chuyển đổi đơn vijTests";
			productName = "Chuyển đổi đơn vijTests";
			productReference = 84B3E7192C68673100D54EBF /* Chuyển đổi đơn vijTests.xctest */;
			productType = "com.apple.product-type.bundle.unit-test";
		};
		84B3E7222C68673100D54EBF /* Chuyển đổi đơn vijUITests */ = {
			isa = PBXNativeTarget;
			buildConfigurationList = 84B3E7332C68673100D54EBF /* Build configuration list for PBXNativeTarget "Chuyển đổi đơn vijUITests" */;
			buildPhases = (
				84B3E71F2C68673100D54EBF /* Sources */,
				84B3E7202C68673100D54EBF /* Frameworks */,
				84B3E7212C68673100D54EBF /* Resources */,
			);
			buildRules = (
			);
			dependencies = (
				84B3E7252C68673100D54EBF /* PBXTargetDependency */,
			);
			name = "Chuyển đổi đơn vijUITests";
			productName = "Chuyển đổi đơn vijUITests";
			productReference = 84B3E7232C68673100D54EBF /* Chuyển đổi đơn vijUITests.xctest */;
			productType = "com.apple.product-type.bundle.ui-testing";
		};
/* End PBXNativeTarget section */

/* Begin PBXProject section */
		84B3E6FB2C68672E00D54EBF /* Project object */ = {
			isa = PBXProject;
			attributes = {
				BuildIndependentTargetsInParallel = 1;
				LastSwiftUpdateCheck = 1540;
				LastUpgradeCheck = 1540;
				TargetAttributes = {
					84B3E7022C68672E00D54EBF = {
						CreatedOnToolsVersion = 15.4;
					};
					84B3E7182C68673100D54EBF = {
						CreatedOnToolsVersion = 15.4;
						TestTargetID = 84B3E7022C68672E00D54EBF;
					};
					84B3E7222C68673100D54EBF = {
						CreatedOnToolsVersion = 15.4;
						TestTargetID = 84B3E7022C68672E00D54EBF;
					};
				};
			};
			buildConfigurationList = 84B3E6FE2C68672E00D54EBF /* Build configuration list for PBXProject "Chuyển đổi đơn vij" */;
			compatibilityVersion = "Xcode 14.0";
			developmentRegion = en;
			hasScannedForEncodings = 0;
			knownRegions = (
				en,
				Base,
			);
			mainGroup = 84B3E6FA2C68672E00D54EBF;
			productRefGroup = 84B3E7042C68672E00D54EBF /* Products */;
			projectDirPath = "";
			projectRoot = "";
			targets = (
				84B3E7022C68672E00D54EBF /* Chuyển đổi đơn vij */,
				84B3E7182C68673100D54EBF /* Chuyển đổi đơn vijTests */,
				84B3E7222C68673100D54EBF /* Chuyển đổi đơn vijUITests */,
			);
		};
/* End PBXProject section */

/* Begin PBXResourcesBuildPhase section */
		84B3E7012C68672E00D54EBF /* Resources */ = {
			isa = PBXResourcesBuildPhase;
			buildActionMask = 2147483647;
			files = (
				84B3E7102C68673000D54EBF /* Assets.xcassets in Resources */,
				84B3E7132C68673000D54EBF /* Base in Resources */,
				84B3E70E2C68672E00D54EBF /* Base in Resources */,
			);
			runOnlyForDeploymentPostprocessing = 0;
		};
		84B3E7172C68673100D54EBF /* Resources */ = {
			isa = PBXResourcesBuildPhase;
			buildActionMask = 2147483647;
			files = (
			);
			runOnlyForDeploymentPostprocessing = 0;
		};
		84B3E7212C68673100D54EBF /* Resources */ = {
			isa = PBXResourcesBuildPhase;
			buildActionMask = 2147483647;
			files = (
			);
			runOnlyForDeploymentPostprocessing = 0;
		};
/* End PBXResourcesBuildPhase section */

/* Begin PBXSourcesBuildPhase section */
		84B3E6FF2C68672E00D54EBF /* Sources */ = {
			isa = PBXSourcesBuildPhase;
			buildActionMask = 2147483647;
			files = (
				84B3E70B2C68672E00D54EBF /* ViewController.swift in Sources */,
				84B3E7072C68672E00D54EBF /* AppDelegate.swift in Sources */,
				849A6AA12C6CF0CE00277B9D /* VC.swift in Sources */,
				84B3E7392C686D8B00D54EBF /* VCDoDai.swift in Sources */,
				84B3E73B2C686DA400D54EBF /* VCKhoiLuong.swift in Sources */,
				84B3E7092C68672E00D54EBF /* SceneDelegate.swift in Sources */,
			);
			runOnlyForDeploymentPostprocessing = 0;
		};
		84B3E7152C68673100D54EBF /* Sources */ = {
			isa = PBXSourcesBuildPhase;
			buildActionMask = 2147483647;
			files = (
			);
			runOnlyForDeploymentPostprocessing = 0;
		};
		84B3E71F2C68673100D54EBF /* Sources */ = {
			isa = PBXSourcesBuildPhase;
			buildActionMask = 2147483647;
			files = (
			);
			runOnlyForDeploymentPostprocessing = 0;
		};
/* End PBXSourcesBuildPhase section */

/* Begin PBXTargetDependency section */
		84B3E71B2C68673100D54EBF /* PBXTargetDependency */ = {
			isa = PBXTargetDependency;
			target = 84B3E7022C68672E00D54EBF /* Chuyển đổi đơn vij */;
			targetProxy = 84B3E71A2C68673100D54EBF /* PBXContainerItemProxy */;
		};
		84B3E7252C68673100D54EBF /* PBXTargetDependency */ = {
			isa = PBXTargetDependency;
			target = 84B3E7022C68672E00D54EBF /* Chuyển đổi đơn vij */;
			targetProxy = 84B3E7242C68673100D54EBF /* PBXContainerItemProxy */;
		};
/* End PBXTargetDependency section */

/* Begin PBXVariantGroup section */
		84B3E70C2C68672E00D54EBF /* Main.storyboard */ = {
			isa = PBXVariantGroup;
			children = (
				84B3E70D2C68672E00D54EBF /* Base */,
			);
			name = Main.storyboard;
			sourceTree = "<group>";
		};
		84B3E7112C68673000D54EBF /* LaunchScreen.storyboard */ = {
			isa = PBXVariantGroup;
			children = (
				84B3E7122C68673000D54EBF /* Base */,
			);
			name = LaunchScreen.storyboard;
			sourceTree = "<group>";
		};
/* End PBXVariantGroup section */

/* Begin XCBuildConfiguration section */
		84B3E72B2C68673100D54EBF /* Debug */ = {
			isa = XCBuildConfiguration;
			buildSettings = {
				ALWAYS_SEARCH_USER_PATHS = NO;
				ASSETCATALOG_COMPILER_GENERATE_SWIFT_ASSET_SYMBOL_EXTENSIONS = YES;
				CLANG_ANALYZER_NONNULL = YES;
				CLANG_ANALYZER_NUMBER_OBJECT_CONVERSION = YES_AGGRESSIVE;
				CLANG_CXX_LANGUAGE_STANDARD = "gnu++20";
				CLANG_ENABLE_MODULES = YES;
				CLANG_ENABLE_OBJC_ARC = YES;
				CLANG_ENABLE_OBJC_WEAK = YES;
				CLANG_WARN_BLOCK_CAPTURE_AUTORELEASING = YES;
				CLANG_WARN_BOOL_CONVERSION = YES;
				CLANG_WARN_COMMA = YES;
				CLANG_WARN_CONSTANT_CONVERSION = YES;
				CLANG_WARN_DEPRECATED_OBJC_IMPLEMENTATIONS = YES;
				CLANG_WARN_DIRECT_OBJC_ISA_USAGE = YES_ERROR;
				CLANG_WARN_DOCUMENTATION_COMMENTS = YES;
				CLANG_WARN_EMPTY_BODY = YES;
				CLANG_WARN_ENUM_CONVERSION = YES;
				CLANG_WARN_INFINITE_RECURSION = YES;
				CLANG_WARN_INT_CONVERSION = YES;
				CLANG_WARN_NON_LITERAL_NULL_CONVERSION = YES;
				CLANG_WARN_OBJC_IMPLICIT_RETAIN_SELF = YES;
				CLANG_WARN_OBJC_LITERAL_CONVERSION = YES;
				CLANG_WARN_OBJC_ROOT_CLASS = YES_ERROR;
				CLANG_WARN_QUOTED_INCLUDE_IN_FRAMEWORK_HEADER = YES;
				CLANG_WARN_RANGE_LOOP_ANALYSIS = YES;
				CLANG_WARN_STRICT_PROTOTYPES = YES;
				CLANG_WARN_SUSPICIOUS_MOVE = YES;
				CLANG_WARN_UNGUARDED_AVAILABILITY = YES_AGGRESSIVE;
				CLANG_WARN_UNREACHABLE_CODE = YES;
				CLANG_WARN__DUPLICATE_METHOD_MATCH = YES;
				COPY_PHASE_STRIP = NO;
				DEBUG_INFORMATION_FORMAT = dwarf;
				ENABLE_STRICT_OBJC_MSGSEND = YES;
				ENABLE_TESTABILITY = YES;
				ENABLE_USER_SCRIPT_SANDBOXING = YES;
				GCC_C_LANGUAGE_STANDARD = gnu17;
				GCC_DYNAMIC_NO_PIC = NO;
				GCC_NO_COMMON_BLOCKS = YES;
				GCC_OPTIMIZATION_LEVEL = 0;
				GCC_PREPROCESSOR_DEFINITIONS = (
					"DEBUG=1",
					"$(inherited)",
				);
				GCC_WARN_64_TO_32_BIT_CONVERSION = YES;
				GCC_WARN_ABOUT_RETURN_TYPE = YES_ERROR;
				GCC_WARN_UNDECLARED_SELECTOR = YES;
				GCC_WARN_UNINITIALIZED_AUTOS = YES_AGGRESSIVE;
				GCC_WARN_UNUSED_FUNCTION = YES;
				GCC_WARN_UNUSED_VARIABLE = YES;
				IPHONEOS_DEPLOYMENT_TARGET = 17.5;
				LOCALIZATION_PREFERS_STRING_CATALOGS = YES;
				MTL_ENABLE_DEBUG_INFO = INCLUDE_SOURCE;
				MTL_FAST_MATH = YES;
				ONLY_ACTIVE_ARCH = YES;
				SDKROOT = iphoneos;
				SWIFT_ACTIVE_COMPILATION_CONDITIONS = "DEBUG $(inherited)";
				SWIFT_OPTIMIZATION_LEVEL = "-Onone";
			};
			name = Debug;
		};
		84B3E72C2C68673100D54EBF /* Release */ = {
			isa = XCBuildConfiguration;
			buildSettings = {
				ALWAYS_SEARCH_USER_PATHS = NO;
				ASSETCATALOG_COMPILER_GENERATE_SWIFT_ASSET_SYMBOL_EXTENSIONS = YES;
				CLANG_ANALYZER_NONNULL = YES;
				CLANG_ANALYZER_NUMBER_OBJECT_CONVERSION = YES_AGGRESSIVE;
				CLANG_CXX_LANGUAGE_STANDARD = "gnu++20";
				CLANG_ENABLE_MODULES = YES;
				CLANG_ENABLE_OBJC_ARC = YES;
				CLANG_ENABLE_OBJC_WEAK = YES;
				CLANG_WARN_BLOCK_CAPTURE_AUTORELEASING = YES;
				CLANG_WARN_BOOL_CONVERSION = YES;
				CLANG_WARN_COMMA = YES;
				CLANG_WARN_CONSTANT_CONVERSION = YES;
				CLANG_WARN_DEPRECATED_OBJC_IMPLEMENTATIONS = YES;
				CLANG_WARN_DIRECT_OBJC_ISA_USAGE = YES_ERROR;
				CLANG_WARN_DOCUMENTATION_COMMENTS = YES;
				CLANG_WARN_EMPTY_BODY = YES;
				CLANG_WARN_ENUM_CONVERSION = YES;
				CLANG_WARN_INFINITE_RECURSION = YES;
				CLANG_WARN_INT_CONVERSION = YES;
				CLANG_WARN_NON_LITERAL_NULL_CONVERSION = YES;
				CLANG_WARN_OBJC_IMPLICIT_RETAIN_SELF = YES;
				CLANG_WARN_OBJC_LITERAL_CONVERSION = YES;
				CLANG_WARN_OBJC_ROOT_CLASS = YES_ERROR;
				CLANG_WARN_QUOTED_INCLUDE_IN_FRAMEWORK_HEADER = YES;
				CLANG_WARN_RANGE_LOOP_ANALYSIS = YES;
				CLANG_WARN_STRICT_PROTOTYPES = YES;
				CLANG_WARN_SUSPICIOUS_MOVE = YES;
				CLANG_WARN_UNGUARDED_AVAILABILITY = YES_AGGRESSIVE;
				CLANG_WARN_UNREACHABLE_CODE = YES;
				CLANG_WARN__DUPLICATE_METHOD_MATCH = YES;
				COPY_PHASE_STRIP = NO;
				DEBUG_INFORMATION_FORMAT = "dwarf-with-dsym";
				ENABLE_NS_ASSERTIONS = NO;
				ENABLE_STRICT_OBJC_MSGSEND = YES;
				ENABLE_USER_SCRIPT_SANDBOXING = YES;
				GCC_C_LANGUAGE_STANDARD = gnu17;
				GCC_NO_COMMON_BLOCKS = YES;
				GCC_WARN_64_TO_32_BIT_CONVERSION = YES;
				GCC_WARN_ABOUT_RETURN_TYPE = YES_ERROR;
				GCC_WARN_UNDECLARED_SELECTOR = YES;
				GCC_WARN_UNINITIALIZED_AUTOS = YES_AGGRESSIVE;
				GCC_WARN_UNUSED_FUNCTION = YES;
				GCC_WARN_UNUSED_VARIABLE = YES;
				IPHONEOS_DEPLOYMENT_TARGET = 17.5;
				LOCALIZATION_PREFERS_STRING_CATALOGS = YES;
				MTL_ENABLE_DEBUG_INFO = NO;
				MTL_FAST_MATH = YES;
				SDKROOT = iphoneos;
				SWIFT_COMPILATION_MODE = wholemodule;
				VALIDATE_PRODUCT = YES;
			};
			name = Release;
		};
		84B3E72E2C68673100D54EBF /* Debug */ = {
			isa = XCBuildConfiguration;
			buildSettings = {
				ASSETCATALOG_COMPILER_APPICON_NAME = AppIcon;
				ASSETCATALOG_COMPILER_GLOBAL_ACCENT_COLOR_NAME = AccentColor;
				CODE_SIGN_STYLE = Automatic;
				CURRENT_PROJECT_VERSION = 1;
				GENERATE_INFOPLIST_FILE = YES;
				INFOPLIST_FILE = "Chuyển đổi đơn vij/Info.plist";
				INFOPLIST_KEY_UIApplicationSupportsIndirectInputEvents = YES;
				INFOPLIST_KEY_UILaunchStoryboardName = LaunchScreen;
				INFOPLIST_KEY_UIMainStoryboardFile = Main;
				INFOPLIST_KEY_UISupportedInterfaceOrientations_iPad = "UIInterfaceOrientationPortrait UIInterfaceOrientationPortraitUpsideDown UIInterfaceOrientationLandscapeLeft UIInterfaceOrientationLandscapeRight";
				INFOPLIST_KEY_UISupportedInterfaceOrientations_iPhone = "UIInterfaceOrientationPortrait UIInterfaceOrientationLandscapeLeft UIInterfaceOrientationLandscapeRight";
				LD_RUNPATH_SEARCH_PATHS = (
					"$(inherited)",
					"@executable_path/Frameworks",
				);
				MARKETING_VERSION = 1.0;
				PRODUCT_BUNDLE_IDENTIFIER = "com.lemontree.Chuye--n--o--i--o-n-vij";
				PRODUCT_NAME = "$(TARGET_NAME)";
				SWIFT_EMIT_LOC_STRINGS = YES;
				SWIFT_VERSION = 5.0;
				TARGETED_DEVICE_FAMILY = "1,2";
			};
			name = Debug;
		};
		84B3E72F2C68673100D54EBF /* Release */ = {
			isa = XCBuildConfiguration;
			buildSettings = {
				ASSETCATALOG_COMPILER_APPICON_NAME = AppIcon;
				ASSETCATALOG_COMPILER_GLOBAL_ACCENT_COLOR_NAME = AccentColor;
				CODE_SIGN_STYLE = Automatic;
				CURRENT_PROJECT_VERSION = 1;
				GENERATE_INFOPLIST_FILE = YES;
				INFOPLIST_FILE = "Chuyển đổi đơn vij/Info.plist";
				INFOPLIST_KEY_UIApplicationSupportsIndirectInputEvents = YES;
				INFOPLIST_KEY_UILaunchStoryboardName = LaunchScreen;
				INFOPLIST_KEY_UIMainStoryboardFile = Main;
				INFOPLIST_KEY_UISupportedInterfaceOrientations_iPad = "UIInterfaceOrientationPortrait UIInterfaceOrientationPortraitUpsideDown UIInterfaceOrientationLandscapeLeft UIInterfaceOrientationLandscapeRight";
				INFOPLIST_KEY_UISupportedInterfaceOrientations_iPhone = "UIInterfaceOrientationPortrait UIInterfaceOrientationLandscapeLeft UIInterfaceOrientationLandscapeRight";
				LD_RUNPATH_SEARCH_PATHS = (
					"$(inherited)",
					"@executable_path/Frameworks",
				);
				MARKETING_VERSION = 1.0;
				PRODUCT_BUNDLE_IDENTIFIER = "com.lemontree.Chuye--n--o--i--o-n-vij";
				PRODUCT_NAME = "$(TARGET_NAME)";
				SWIFT_EMIT_LOC_STRINGS = YES;
				SWIFT_VERSION = 5.0;
				TARGETED_DEVICE_FAMILY = "1,2";
			};
			name = Release;
		};
		84B3E7312C68673100D54EBF /* Debug */ = {
			isa = XCBuildConfiguration;
			buildSettings = {
				ALWAYS_EMBED_SWIFT_STANDARD_LIBRARIES = YES;
				BUNDLE_LOADER = "$(TEST_HOST)";
				CODE_SIGN_STYLE = Automatic;
				CURRENT_PROJECT_VERSION = 1;
				GENERATE_INFOPLIST_FILE = YES;
				IPHONEOS_DEPLOYMENT_TARGET = 17.5;
				MARKETING_VERSION = 1.0;
				PRODUCT_BUNDLE_IDENTIFIER = "com.lemontree.Chuye--n--o--i--o-n-vijTests";
				PRODUCT_NAME = "$(TARGET_NAME)";
				SWIFT_EMIT_LOC_STRINGS = NO;
				SWIFT_VERSION = 5.0;
				TARGETED_DEVICE_FAMILY = "1,2";
				TEST_HOST = "$(BUILT_PRODUCTS_DIR)/Chuyển đổi đơn vij.app/$(BUNDLE_EXECUTABLE_FOLDER_PATH)/Chuyển đổi đơn vij";
			};
			name = Debug;
		};
		84B3E7322C68673100D54EBF /* Release */ = {
			isa = XCBuildConfiguration;
			buildSettings = {
				ALWAYS_EMBED_SWIFT_STANDARD_LIBRARIES = YES;
				BUNDLE_LOADER = "$(TEST_HOST)";
				CODE_SIGN_STYLE = Automatic;
				CURRENT_PROJECT_VERSION = 1;
				GENERATE_INFOPLIST_FILE = YES;
				IPHONEOS_DEPLOYMENT_TARGET = 17.5;
				MARKETING_VERSION = 1.0;
				PRODUCT_BUNDLE_IDENTIFIER = "com.lemontree.Chuye--n--o--i--o-n-vijTests";
				PRODUCT_NAME = "$(TARGET_NAME)";
				SWIFT_EMIT_LOC_STRINGS = NO;
				SWIFT_VERSION = 5.0;
				TARGETED_DEVICE_FAMILY = "1,2";
				TEST_HOST = "$(BUILT_PRODUCTS_DIR)/Chuyển đổi đơn vij.app/$(BUNDLE_EXECUTABLE_FOLDER_PATH)/Chuyển đổi đơn vij";
			};
			name = Release;
		};
		84B3E7342C68673100D54EBF /* Debug */ = {
			isa = XCBuildConfiguration;
			buildSettings = {
				ALWAYS_EMBED_SWIFT_STANDARD_LIBRARIES = YES;
				CODE_SIGN_STYLE = Automatic;
				CURRENT_PROJECT_VERSION = 1;
				GENERATE_INFOPLIST_FILE = YES;
				MARKETING_VERSION = 1.0;
				PRODUCT_BUNDLE_IDENTIFIER = "com.lemontree.Chuye--n--o--i--o-n-vijUITests";
				PRODUCT_NAME = "$(TARGET_NAME)";
				SWIFT_EMIT_LOC_STRINGS = NO;
				SWIFT_VERSION = 5.0;
				TARGETED_DEVICE_FAMILY = "1,2";
				TEST_TARGET_NAME = "Chuyển đổi đơn vij";
			};
			name = Debug;
		};
		84B3E7352C68673100D54EBF /* Release */ = {
			isa = XCBuildConfiguration;
			buildSettings = {
				ALWAYS_EMBED_SWIFT_STANDARD_LIBRARIES = YES;
				CODE_SIGN_STYLE = Automatic;
				CURRENT_PROJECT_VERSION = 1;
				GENERATE_INFOPLIST_FILE = YES;
				MARKETING_VERSION = 1.0;
				PRODUCT_BUNDLE_IDENTIFIER = "com.lemontree.Chuye--n--o--i--o-n-vijUITests";
				PRODUCT_NAME = "$(TARGET_NAME)";
				SWIFT_EMIT_LOC_STRINGS = NO;
				SWIFT_VERSION = 5.0;
				TARGETED_DEVICE_FAMILY = "1,2";
				TEST_TARGET_NAME = "Chuyển đổi đơn vij";
			};
			name = Release;
		};
/* End XCBuildConfiguration section */

/* Begin XCConfigurationList section */
		84B3E6FE2C68672E00D54EBF /* Build configuration list for PBXProject "Chuyển đổi đơn vij" */ = {
			isa = XCConfigurationList;
			buildConfigurations = (
				84B3E72B2C68673100D54EBF /* Debug */,
				84B3E72C2C68673100D54EBF /* Release */,
			);
			defaultConfigurationIsVisible = 0;
			defaultConfigurationName = Release;
		};
		84B3E72D2C68673100D54EBF /* Build configuration list for PBXNativeTarget "Chuyển đổi đơn vij" */ = {
			isa = XCConfigurationList;
			buildConfigurations = (
				84B3E72E2C68673100D54EBF /* Debug */,
				84B3E72F2C68673100D54EBF /* Release */,
			);
			defaultConfigurationIsVisible = 0;
			defaultConfigurationName = Release;
		};
		84B3E7302C68673100D54EBF /* Build configuration list for PBXNativeTarget "Chuyển đổi đơn vijTests" */ = {
			isa = XCConfigurationList;
			buildConfigurations = (
				84B3E7312C68673100D54EBF /* Debug */,
				84B3E7322C68673100D54EBF /* Release */,
			);
			defaultConfigurationIsVisible = 0;
			defaultConfigurationName = Release;
		};
		84B3E7332C68673100D54EBF /* Build configuration list for PBXNativeTarget "Chuyển đổi đơn vijUITests" */ = {
			isa = XCConfigurationList;
			buildConfigurations = (
				84B3E7342C68673100D54EBF /* Debug */,
				84B3E7352C68673100D54EBF /* Release */,
			);
			defaultConfigurationIsVisible = 0;
			defaultConfigurationName = Release;
		};
/* End XCConfigurationList section */
	};
	rootObject = 84B3E6FB2C68672E00D54EBF /* Project object */;
}
